PODS:
  - OpenSSL (1.0.110)
  - RMStore (0.6.0):
    - RMStore/Core (= 0.6.0)
  - RMStore/AppReceiptVerificator (0.6.0):
    - OpenSSL (~> 1.0.1)
    - RMStore/Core
  - RMStore/Core (0.6.0)
  - RMStore/KeychainPersistence (0.6.0):
    - RMStore/Core
  - RMStore/NSUserDefaultsPersistence (0.6.0):
    - RMStore/Core
  - RMStore/TransactionReceiptVerificator (0.6.0):
    - RMStore/Core
  - SDWebImage (3.7.1):
    - SDWebImage/Core (= 3.7.1)
  - SDWebImage/Core (3.7.1)

DEPENDENCIES:
  - RMStore (~> 0.6)
  - RMStore/AppReceiptVerificator
  - RMStore/KeychainPersistence
  - RMStore/NSUserDefaultsPersistence
  - RMStore/TransactionReceiptVerificator
  - SDWebImage (~> 3.7)

SPEC CHECKSUMS:
  OpenSSL: 72a82aa51b056ae5833307a3fef9b571f38ce11c
  RMStore: e56d74f57a8e0ae0eaa04643d44f7686e646cfba
  SDWebImage: 116e88633b5b416ea0ca4b334a4ac59cf72dd38d

COCOAPODS: 0.35.0
